
Microsoft Visual Studio Solution File, Format Version 12.00
# Visual Studio Version 17
VisualStudioVersion = 17.14.36202.13
MinimumVisualStudioVersion = 10.0.40219.1
Project("{8BC9CEB8-8B4A-11D0-8D11-00A0C91BC942}") = "UAL_Player", "UAL_Player\UAL_Player.vcxproj", "{7EB6E7FB-76A0-4754-8455-2B252A491711}"
EndProject
Project("{8BC9CEB8-8B4A-11D0-8D11-00A0C91BC942}") = "UAL", "UAL\UAL.vcxproj", "{5AC1FCB4-584E-4C21-8567-2D4A180FA131}"
EndProject
Global
	GlobalSection(SolutionConfigurationPlatforms) = preSolution
		Debug|x64 = Debug|x64
		Debug|x86 = Debug|x86
		Release|x64 = Release|x64
		Release|x86 = Release|x86
	EndGlobalSection
	GlobalSection(ProjectConfigurationPlatforms) = postSolution
		{7EB6E7FB-76A0-4754-8455-2B252A491711}.Debug|x64.ActiveCfg = Debug|x64
		{7EB6E7FB-76A0-4754-8455-2B252A491711}.Debug|x64.Build.0 = Debug|x64
		{7EB6E7FB-76A0-4754-8455-2B252A491711}.Debug|x86.ActiveCfg = Debug|Win32
		{7EB6E7FB-76A0-4754-8455-2B252A491711}.Debug|x86.Build.0 = Debug|Win32
		{7EB6E7FB-76A0-4754-8455-2B252A491711}.Release|x64.ActiveCfg = Release|x64
		{7EB6E7FB-76A0-4754-8455-2B252A491711}.Release|x64.Build.0 = Release|x64
		{7EB6E7FB-76A0-4754-8455-2B252A491711}.Release|x86.ActiveCfg = Release|Win32
		{7EB6E7FB-76A0-4754-8455-2B252A491711}.Release|x86.Build.0 = Release|Win32
		{5AC1FCB4-584E-4C21-8567-2D4A180FA131}.Debug|x64.ActiveCfg = Debug|x64
		{5AC1FCB4-584E-4C21-8567-2D4A180FA131}.Debug|x64.Build.0 = Debug|x64
		{5AC1FCB4-584E-4C21-8567-2D4A180FA131}.Debug|x86.ActiveCfg = Debug|Win32
		{5AC1FCB4-584E-4C21-8567-2D4A180FA131}.Debug|x86.Build.0 = Debug|Win32
		{5AC1FCB4-584E-4C21-8567-2D4A180FA131}.Release|x64.ActiveCfg = Release|x64
		{5AC1FCB4-584E-4C21-8567-2D4A180FA131}.Release|x64.Build.0 = Release|x64
		{5AC1FCB4-584E-4C21-8567-2D4A180FA131}.Release|x86.ActiveCfg = Release|Win32
		{5AC1FCB4-584E-4C21-8567-2D4A180FA131}.Release|x86.Build.0 = Release|Win32
	EndGlobalSection
	GlobalSection(SolutionProperties) = preSolution
		HideSolutionNode = FALSE
	EndGlobalSection
	GlobalSection(ExtensibilityGlobals) = postSolution
		SolutionGuid = {F7EBF2E3-83F1-40FA-851E-9B2F50623831}
	EndGlobalSection
EndGlobal
